
Microsoft Visual Studio Solution File, Format Version 12.00
# Visual Studio Version 17
VisualStudioVersion = 17.13.35806.99
MinimumVisualStudioVersion = 10.0.40219.1
Project("{2150E333-8FDC-42A3-9474-1A3956D46DE8}") = "0_Solution_Items", "0_Solution_Items", "{F71193CE-B524-4C17-AA11-D7DAF4C7CD91}"
	ProjectSection(SolutionItems) = preProject
		..\.gitignore = ..\.gitignore
		Directory.Build.props = Directory.Build.props
		..\README.md = ..\README.md
		Data\TrainingData.csv = Data\TrainingData.csv
	EndProjectSection
EndProject
Project("{2150E333-8FDC-42A3-9474-1A3956D46DE8}") = "1_App", "1_App", "{DED5DD51-769E-4CA9-A27E-598E542A5C5F}"
EndProject
Project("{2150E333-8FDC-42A3-9474-1A3956D46DE8}") = "2_Base", "2_Base", "{41E7A7F0-6EB4-4DC9-8855-146CC058BFD2}"
EndProject
Project("{FAE04EC0-301F-11D3-BF4B-00C04F79EFBC}") = "App.Domain", "App.Domain\App.Domain.csproj", "{2968DEEB-0536-40A5-9B7F-16B844C88FB5}"
EndProject
Project("{FAE04EC0-301F-11D3-BF4B-00C04F79EFBC}") = "App.DAL.EF", "App.DAL.EF\App.DAL.EF.csproj", "{AD35201B-3915-44F9-91D1-EE00F2404DCC}"
EndProject
Project("{FAE04EC0-301F-11D3-BF4B-00C04F79EFBC}") = "Base.Domain", "Base.Domain\Base.Domain.csproj", "{CCED607C-B197-497A-9092-4FA80AA6060A}"
EndProject
Project("{FAE04EC0-301F-11D3-BF4B-00C04F79EFBC}") = "Base.Contracts.Domain", "Base.Contracts.Domain\Base.Contracts.Domain.csproj", "{41E61C6B-C68B-4DE4-A502-90629AB01791}"
EndProject
Project("{FAE04EC0-301F-11D3-BF4B-00C04F79EFBC}") = "Utils", "Helpers\Utils.csproj", "{4FF0AD1A-4106-4889-A523-56EA33FACEC8}"
EndProject
Project("{FAE04EC0-301F-11D3-BF4B-00C04F79EFBC}") = "ML.Domain", "ML.Domain\ML.Domain.csproj", "{6C539FC5-43D3-47CA-8806-FF221AFCAF14}"
EndProject
Project("{FAE04EC0-301F-11D3-BF4B-00C04F79EFBC}") = "WebApp", "WebApp\WebApp.csproj", "{FB0962F7-588D-4338-9E13-173F6C0DA293}"
EndProject
Project("{FAE04EC0-301F-11D3-BF4B-00C04F79EFBC}") = "ML.Model", "ML.Model\ML.Model.csproj", "{23469A7B-6A5A-41AF-AB95-31B58AF38CE9}"
EndProject
Project("{FAE04EC0-301F-11D3-BF4B-00C04F79EFBC}") = "ML.Data", "ML.Data\ML.Data.csproj", "{7EE091F0-8859-4AEB-9E08-C849E6D30F32}"
EndProject
Project("{FAE04EC0-301F-11D3-BF4B-00C04F79EFBC}") = "ML.Services", "ML.Services\ML.Services.csproj", "{F9C58CCB-C3DB-488F-9525-575F7970E150}"
EndProject
Project("{FAE04EC0-301F-11D3-BF4B-00C04F79EFBC}") = "ML.Analysis", "ML.Analysis\ML.Analysis.csproj", "{45C3C757-7DD2-42E2-9A58-DBE020CEF8B5}"
EndProject
Project("{FAE04EC0-301F-11D3-BF4B-00C04F79EFBC}") = "App.DTO", "App.DTO\App.DTO.csproj", "{A66EF96B-387A-4E60-A24E-158C4F918519}"
EndProject
Global
	GlobalSection(SolutionConfigurationPlatforms) = preSolution
		Debug|Any CPU = Debug|Any CPU
		Release|Any CPU = Release|Any CPU
	EndGlobalSection
	GlobalSection(ProjectConfigurationPlatforms) = postSolution
		{2968DEEB-0536-40A5-9B7F-16B844C88FB5}.Debug|Any CPU.ActiveCfg = Debug|Any CPU
		{2968DEEB-0536-40A5-9B7F-16B844C88FB5}.Debug|Any CPU.Build.0 = Debug|Any CPU
		{2968DEEB-0536-40A5-9B7F-16B844C88FB5}.Release|Any CPU.ActiveCfg = Release|Any CPU
		{2968DEEB-0536-40A5-9B7F-16B844C88FB5}.Release|Any CPU.Build.0 = Release|Any CPU
		{AD35201B-3915-44F9-91D1-EE00F2404DCC}.Debug|Any CPU.ActiveCfg = Debug|Any CPU
		{AD35201B-3915-44F9-91D1-EE00F2404DCC}.Debug|Any CPU.Build.0 = Debug|Any CPU
		{AD35201B-3915-44F9-91D1-EE00F2404DCC}.Release|Any CPU.ActiveCfg = Release|Any CPU
		{AD35201B-3915-44F9-91D1-EE00F2404DCC}.Release|Any CPU.Build.0 = Release|Any CPU
		{CCED607C-B197-497A-9092-4FA80AA6060A}.Debug|Any CPU.ActiveCfg = Debug|Any CPU
		{CCED607C-B197-497A-9092-4FA80AA6060A}.Debug|Any CPU.Build.0 = Debug|Any CPU
		{CCED607C-B197-497A-9092-4FA80AA6060A}.Release|Any CPU.ActiveCfg = Release|Any CPU
		{CCED607C-B197-497A-9092-4FA80AA6060A}.Release|Any CPU.Build.0 = Release|Any CPU
		{41E61C6B-C68B-4DE4-A502-90629AB01791}.Debug|Any CPU.ActiveCfg = Debug|Any CPU
		{41E61C6B-C68B-4DE4-A502-90629AB01791}.Debug|Any CPU.Build.0 = Debug|Any CPU
		{41E61C6B-C68B-4DE4-A502-90629AB01791}.Release|Any CPU.ActiveCfg = Release|Any CPU
		{41E61C6B-C68B-4DE4-A502-90629AB01791}.Release|Any CPU.Build.0 = Release|Any CPU
		{4FF0AD1A-4106-4889-A523-56EA33FACEC8}.Debug|Any CPU.ActiveCfg = Debug|Any CPU
		{4FF0AD1A-4106-4889-A523-56EA33FACEC8}.Debug|Any CPU.Build.0 = Debug|Any CPU
		{4FF0AD1A-4106-4889-A523-56EA33FACEC8}.Release|Any CPU.ActiveCfg = Release|Any CPU
		{4FF0AD1A-4106-4889-A523-56EA33FACEC8}.Release|Any CPU.Build.0 = Release|Any CPU
		{6C539FC5-43D3-47CA-8806-FF221AFCAF14}.Debug|Any CPU.ActiveCfg = Debug|Any CPU
		{6C539FC5-43D3-47CA-8806-FF221AFCAF14}.Debug|Any CPU.Build.0 = Debug|Any CPU
		{6C539FC5-43D3-47CA-8806-FF221AFCAF14}.Release|Any CPU.ActiveCfg = Release|Any CPU
		{6C539FC5-43D3-47CA-8806-FF221AFCAF14}.Release|Any CPU.Build.0 = Release|Any CPU
		{FB0962F7-588D-4338-9E13-173F6C0DA293}.Debug|Any CPU.ActiveCfg = Debug|Any CPU
		{FB0962F7-588D-4338-9E13-173F6C0DA293}.Debug|Any CPU.Build.0 = Debug|Any CPU
		{FB0962F7-588D-4338-9E13-173F6C0DA293}.Release|Any CPU.ActiveCfg = Release|Any CPU
		{FB0962F7-588D-4338-9E13-173F6C0DA293}.Release|Any CPU.Build.0 = Release|Any CPU
		{23469A7B-6A5A-41AF-AB95-31B58AF38CE9}.Debug|Any CPU.ActiveCfg = Debug|Any CPU
		{23469A7B-6A5A-41AF-AB95-31B58AF38CE9}.Debug|Any CPU.Build.0 = Debug|Any CPU
		{23469A7B-6A5A-41AF-AB95-31B58AF38CE9}.Release|Any CPU.ActiveCfg = Release|Any CPU
		{23469A7B-6A5A-41AF-AB95-31B58AF38CE9}.Release|Any CPU.Build.0 = Release|Any CPU
		{7EE091F0-8859-4AEB-9E08-C849E6D30F32}.Debug|Any CPU.ActiveCfg = Debug|Any CPU
		{7EE091F0-8859-4AEB-9E08-C849E6D30F32}.Debug|Any CPU.Build.0 = Debug|Any CPU
		{7EE091F0-8859-4AEB-9E08-C849E6D30F32}.Release|Any CPU.ActiveCfg = Release|Any CPU
		{7EE091F0-8859-4AEB-9E08-C849E6D30F32}.Release|Any CPU.Build.0 = Release|Any CPU
		{F9C58CCB-C3DB-488F-9525-575F7970E150}.Debug|Any CPU.ActiveCfg = Debug|Any CPU
		{F9C58CCB-C3DB-488F-9525-575F7970E150}.Debug|Any CPU.Build.0 = Debug|Any CPU
		{F9C58CCB-C3DB-488F-9525-575F7970E150}.Release|Any CPU.ActiveCfg = Release|Any CPU
		{F9C58CCB-C3DB-488F-9525-575F7970E150}.Release|Any CPU.Build.0 = Release|Any CPU
		{45C3C757-7DD2-42E2-9A58-DBE020CEF8B5}.Debug|Any CPU.ActiveCfg = Debug|Any CPU
		{45C3C757-7DD2-42E2-9A58-DBE020CEF8B5}.Debug|Any CPU.Build.0 = Debug|Any CPU
		{45C3C757-7DD2-42E2-9A58-DBE020CEF8B5}.Release|Any CPU.ActiveCfg = Release|Any CPU
		{45C3C757-7DD2-42E2-9A58-DBE020CEF8B5}.Release|Any CPU.Build.0 = Release|Any CPU
		{A66EF96B-387A-4E60-A24E-158C4F918519}.Debug|Any CPU.ActiveCfg = Debug|Any CPU
		{A66EF96B-387A-4E60-A24E-158C4F918519}.Debug|Any CPU.Build.0 = Debug|Any CPU
		{A66EF96B-387A-4E60-A24E-158C4F918519}.Release|Any CPU.ActiveCfg = Release|Any CPU
		{A66EF96B-387A-4E60-A24E-158C4F918519}.Release|Any CPU.Build.0 = Release|Any CPU
	EndGlobalSection
	GlobalSection(SolutionProperties) = preSolution
		HideSolutionNode = FALSE
	EndGlobalSection
	GlobalSection(NestedProjects) = preSolution
		{2968DEEB-0536-40A5-9B7F-16B844C88FB5} = {DED5DD51-769E-4CA9-A27E-598E542A5C5F}
		{AD35201B-3915-44F9-91D1-EE00F2404DCC} = {DED5DD51-769E-4CA9-A27E-598E542A5C5F}
		{CCED607C-B197-497A-9092-4FA80AA6060A} = {41E7A7F0-6EB4-4DC9-8855-146CC058BFD2}
		{41E61C6B-C68B-4DE4-A502-90629AB01791} = {41E7A7F0-6EB4-4DC9-8855-146CC058BFD2}
		{4FF0AD1A-4106-4889-A523-56EA33FACEC8} = {41E7A7F0-6EB4-4DC9-8855-146CC058BFD2}
		{6C539FC5-43D3-47CA-8806-FF221AFCAF14} = {DED5DD51-769E-4CA9-A27E-598E542A5C5F}
		{FB0962F7-588D-4338-9E13-173F6C0DA293} = {DED5DD51-769E-4CA9-A27E-598E542A5C5F}
		{23469A7B-6A5A-41AF-AB95-31B58AF38CE9} = {DED5DD51-769E-4CA9-A27E-598E542A5C5F}
		{7EE091F0-8859-4AEB-9E08-C849E6D30F32} = {DED5DD51-769E-4CA9-A27E-598E542A5C5F}
		{F9C58CCB-C3DB-488F-9525-575F7970E150} = {DED5DD51-769E-4CA9-A27E-598E542A5C5F}
		{45C3C757-7DD2-42E2-9A58-DBE020CEF8B5} = {DED5DD51-769E-4CA9-A27E-598E542A5C5F}
		{A66EF96B-387A-4E60-A24E-158C4F918519} = {DED5DD51-769E-4CA9-A27E-598E542A5C5F}
	EndGlobalSection
	GlobalSection(ExtensibilityGlobals) = postSolution
		SolutionGuid = {28FD9081-7555-436B-9263-7F6BB036DA59}
	EndGlobalSection
EndGlobal
